{
    "_readme": [
        "This file locks the dependencies of your project to a known state",
        "Read more about it at https://getcomposer.org/doc/01-basic-usage.md#composer-lock-the-lock-file",
        "This file is @generated automatically"
    ],
    "content-hash": "0867e62730f641c62a1cbbd5618d4fa3",
    "packages": [
        {
            "name": "nopjmp/discord-webhooks",
            "version": "0.2.2",
            "source": {
                "type": "git",
                "url": "https://github.com/nopjmp/discord-webhooks.git",
                "reference": "3d7db13d7def2f3386399d8e14070f62513a0db1"
            },
            "dist": {
                "type": "zip",
                "url": "https://api.github.com/repos/nopjmp/discord-webhooks/zipball/3d7db13d7def2f3386399d8e14070f62513a0db1",
                "reference": "3d7db13d7def2f3386399d8e14070f62513a0db1",
                "shasum": ""
            },
            "require": {
                "ext-curl": "*",
                "php": ">=5.4"
            },
            "type": "library",
            "autoload": {
                "psr-4": {
                    "DiscordWebhooks\\": "DiscordWebhooks/"
                }
            },
            "notification-url": "https://packagist.org/downloads/",
            "license": [
                "MIT"
            ],
            "authors": [
                {
                    "name": "Kyle Thompson",
                    "email": "jmp@const.ninja"
                }
            ],
            "description": "A simple Discord webhook client library.",
            "time": "2017-06-27T02:51:47+00:00"
        }
    ],
    "packages-dev": [],
    "aliases": [],
    "minimum-stability": "stable",
    "stability-flags": [],
    "prefer-stable": false,
    "prefer-lowest": false,
    "platform": [],
    "platform-dev": []
}
